{
  "originHash" : "c8b1e0e6c6985a48bc92bfbde7203c57064671c1295c3e10e8f76317c4fef80a",
  "pins" : [
    {
      "identity" : "waktrainercoremodels",
      "kind" : "remoteSourceControl",
      "location" : "https://github.com/iosdevbyul/WakTrainerCoreModels",
      "state" : {
        "branch" : "main",
        "revision" : "87c21cd1a025ac53937531b82beb121e3f8d4f09"
      }
    }
  ],
  "version" : 3
}
